
Microsoft Visual Studio Solution File, Format Version 12.00
# Visual Studio 14
VisualStudioVersion = 14.0.25420.1
MinimumVisualStudioVersion = 10.0.40219.1
Project("{FAE04EC0-301F-11D3-BF4B-00C04F79EFBC}") = "XamarinMemeGeneratorDryRun.Droid", "XamarinMemeGeneratorDryRun\XamarinMemeGeneratorDryRun.Droid\XamarinMemeGeneratorDryRun.Droid.csproj", "{9926F6FA-74E3-4AFE-BEA2-8D09E5A6384F}"
EndProject
Project("{FAE04EC0-301F-11D3-BF4B-00C04F79EFBC}") = "XamarinMemeGeneratorDryRun.WinPhone", "XamarinMemeGeneratorDryRun\XamarinMemeGeneratorDryRun.WinPhone\XamarinMemeGeneratorDryRun.WinPhone.csproj", "{786DCA65-76FD-403A-B553-76AAF699A838}"
EndProject
Project("{FAE04EC0-301F-11D3-BF4B-00C04F79EFBC}") = "XamarinMemeGeneratorDryRun", "XamarinMemeGeneratorDryRun\XamarinMemeGeneratorDryRun\XamarinMemeGeneratorDryRun.csproj", "{B64E22CE-E958-4AB9-B39C-27A801097D06}"
EndProject
Project("{FAE04EC0-301F-11D3-BF4B-00C04F79EFBC}") = "XamarinMemeGeneratorDryRun.UITest", "XamarinMemeGeneratorDryRun\XamarinMemeGeneratorDryRun.UITest\XamarinMemeGeneratorDryRun.UITest.csproj", "{FE3A85E0-F7B4-46D7-B255-FFD305D5E62A}"
EndProject
Project("{FAE04EC0-301F-11D3-BF4B-00C04F79EFBC}") = "XamarinMemeGeneratorDryRun.iOS", "XamarinMemeGeneratorDryRun.iOS\XamarinMemeGeneratorDryRun.iOS.csproj", "{A5A03BD8-1298-498F-B174-2C424BB4794E}"
EndProject
Global
	GlobalSection(SolutionConfigurationPlatforms) = preSolution
		Debug|Any CPU = Debug|Any CPU
		Debug|ARM = Debug|ARM
		Debug|iPhone = Debug|iPhone
		Debug|iPhoneSimulator = Debug|iPhoneSimulator
		Debug|x86 = Debug|x86
		Release|Any CPU = Release|Any CPU
		Release|ARM = Release|ARM
		Release|iPhone = Release|iPhone
		Release|iPhoneSimulator = Release|iPhoneSimulator
		Release|x86 = Release|x86
	EndGlobalSection
	GlobalSection(ProjectConfigurationPlatforms) = postSolution
		{9926F6FA-74E3-4AFE-BEA2-8D09E5A6384F}.Debug|Any CPU.ActiveCfg = Debug|Any CPU
		{9926F6FA-74E3-4AFE-BEA2-8D09E5A6384F}.Debug|Any CPU.Build.0 = Debug|Any CPU
		{9926F6FA-74E3-4AFE-BEA2-8D09E5A6384F}.Debug|Any CPU.Deploy.0 = Debug|Any CPU
		{9926F6FA-74E3-4AFE-BEA2-8D09E5A6384F}.Debug|ARM.ActiveCfg = Debug|Any CPU
		{9926F6FA-74E3-4AFE-BEA2-8D09E5A6384F}.Debug|ARM.Build.0 = Debug|Any CPU
		{9926F6FA-74E3-4AFE-BEA2-8D09E5A6384F}.Debug|ARM.Deploy.0 = Debug|Any CPU
		{9926F6FA-74E3-4AFE-BEA2-8D09E5A6384F}.Debug|iPhone.ActiveCfg = Debug|Any CPU
		{9926F6FA-74E3-4AFE-BEA2-8D09E5A6384F}.Debug|iPhone.Build.0 = Debug|Any CPU
		{9926F6FA-74E3-4AFE-BEA2-8D09E5A6384F}.Debug|iPhone.Deploy.0 = Debug|Any CPU
		{9926F6FA-74E3-4AFE-BEA2-8D09E5A6384F}.Debug|iPhoneSimulator.ActiveCfg = Debug|Any CPU
		{9926F6FA-74E3-4AFE-BEA2-8D09E5A6384F}.Debug|iPhoneSimulator.Build.0 = Debug|Any CPU
		{9926F6FA-74E3-4AFE-BEA2-8D09E5A6384F}.Debug|iPhoneSimulator.Deploy.0 = Debug|Any CPU
		{9926F6FA-74E3-4AFE-BEA2-8D09E5A6384F}.Debug|x86.ActiveCfg = Debug|Any CPU
		{9926F6FA-74E3-4AFE-BEA2-8D09E5A6384F}.Debug|x86.Build.0 = Debug|Any CPU
		{9926F6FA-74E3-4AFE-BEA2-8D09E5A6384F}.Debug|x86.Deploy.0 = Debug|Any CPU
		{9926F6FA-74E3-4AFE-BEA2-8D09E5A6384F}.Release|Any CPU.ActiveCfg = Release|Any CPU
		{9926F6FA-74E3-4AFE-BEA2-8D09E5A6384F}.Release|Any CPU.Build.0 = Release|Any CPU
		{9926F6FA-74E3-4AFE-BEA2-8D09E5A6384F}.Release|Any CPU.Deploy.0 = Release|Any CPU
		{9926F6FA-74E3-4AFE-BEA2-8D09E5A6384F}.Release|ARM.ActiveCfg = Release|Any CPU
		{9926F6FA-74E3-4AFE-BEA2-8D09E5A6384F}.Release|ARM.Build.0 = Release|Any CPU
		{9926F6FA-74E3-4AFE-BEA2-8D09E5A6384F}.Release|ARM.Deploy.0 = Release|Any CPU
		{9926F6FA-74E3-4AFE-BEA2-8D09E5A6384F}.Release|iPhone.ActiveCfg = Release|Any CPU
		{9926F6FA-74E3-4AFE-BEA2-8D09E5A6384F}.Release|iPhone.Build.0 = Release|Any CPU
		{9926F6FA-74E3-4AFE-BEA2-8D09E5A6384F}.Release|iPhone.Deploy.0 = Release|Any CPU
		{9926F6FA-74E3-4AFE-BEA2-8D09E5A6384F}.Release|iPhoneSimulator.ActiveCfg = Release|Any CPU
		{9926F6FA-74E3-4AFE-BEA2-8D09E5A6384F}.Release|iPhoneSimulator.Build.0 = Release|Any CPU
		{9926F6FA-74E3-4AFE-BEA2-8D09E5A6384F}.Release|iPhoneSimulator.Deploy.0 = Release|Any CPU
		{9926F6FA-74E3-4AFE-BEA2-8D09E5A6384F}.Release|x86.ActiveCfg = Release|Any CPU
		{9926F6FA-74E3-4AFE-BEA2-8D09E5A6384F}.Release|x86.Build.0 = Release|Any CPU
		{9926F6FA-74E3-4AFE-BEA2-8D09E5A6384F}.Release|x86.Deploy.0 = Release|Any CPU
		{786DCA65-76FD-403A-B553-76AAF699A838}.Debug|Any CPU.ActiveCfg = Debug|Any CPU
		{786DCA65-76FD-403A-B553-76AAF699A838}.Debug|Any CPU.Build.0 = Debug|Any CPU
		{786DCA65-76FD-403A-B553-76AAF699A838}.Debug|Any CPU.Deploy.0 = Debug|Any CPU
		{786DCA65-76FD-403A-B553-76AAF699A838}.Debug|ARM.ActiveCfg = Debug|ARM
		{786DCA65-76FD-403A-B553-76AAF699A838}.Debug|ARM.Build.0 = Debug|ARM
		{786DCA65-76FD-403A-B553-76AAF699A838}.Debug|ARM.Deploy.0 = Debug|ARM
		{786DCA65-76FD-403A-B553-76AAF699A838}.Debug|iPhone.ActiveCfg = Debug|Any CPU
		{786DCA65-76FD-403A-B553-76AAF699A838}.Debug|iPhone.Build.0 = Debug|Any CPU
		{786DCA65-76FD-403A-B553-76AAF699A838}.Debug|iPhone.Deploy.0 = Debug|Any CPU
		{786DCA65-76FD-403A-B553-76AAF699A838}.Debug|iPhoneSimulator.ActiveCfg = Debug|Any CPU
		{786DCA65-76FD-403A-B553-76AAF699A838}.Debug|iPhoneSimulator.Build.0 = Debug|Any CPU
		{786DCA65-76FD-403A-B553-76AAF699A838}.Debug|iPhoneSimulator.Deploy.0 = Debug|Any CPU
		{786DCA65-76FD-403A-B553-76AAF699A838}.Debug|x86.ActiveCfg = Debug|x86
		{786DCA65-76FD-403A-B553-76AAF699A838}.Debug|x86.Build.0 = Debug|x86
		{786DCA65-76FD-403A-B553-76AAF699A838}.Debug|x86.Deploy.0 = Debug|x86
		{786DCA65-76FD-403A-B553-76AAF699A838}.Release|Any CPU.ActiveCfg = Release|Any CPU
		{786DCA65-76FD-403A-B553-76AAF699A838}.Release|Any CPU.Build.0 = Release|Any CPU
		{786DCA65-76FD-403A-B553-76AAF699A838}.Release|Any CPU.Deploy.0 = Release|Any CPU
		{786DCA65-76FD-403A-B553-76AAF699A838}.Release|ARM.ActiveCfg = Release|ARM
		{786DCA65-76FD-403A-B553-76AAF699A838}.Release|ARM.Build.0 = Release|ARM
		{786DCA65-76FD-403A-B553-76AAF699A838}.Release|ARM.Deploy.0 = Release|ARM
		{786DCA65-76FD-403A-B553-76AAF699A838}.Release|iPhone.ActiveCfg = Release|Any CPU
		{786DCA65-76FD-403A-B553-76AAF699A838}.Release|iPhone.Build.0 = Release|Any CPU
		{786DCA65-76FD-403A-B553-76AAF699A838}.Release|iPhone.Deploy.0 = Release|Any CPU
		{786DCA65-76FD-403A-B553-76AAF699A838}.Release|iPhoneSimulator.ActiveCfg = Release|Any CPU
		{786DCA65-76FD-403A-B553-76AAF699A838}.Release|iPhoneSimulator.Build.0 = Release|Any CPU
		{786DCA65-76FD-403A-B553-76AAF699A838}.Release|iPhoneSimulator.Deploy.0 = Release|Any CPU
		{786DCA65-76FD-403A-B553-76AAF699A838}.Release|x86.ActiveCfg = Release|x86
		{786DCA65-76FD-403A-B553-76AAF699A838}.Release|x86.Build.0 = Release|x86
		{786DCA65-76FD-403A-B553-76AAF699A838}.Release|x86.Deploy.0 = Release|x86
		{B64E22CE-E958-4AB9-B39C-27A801097D06}.Debug|Any CPU.ActiveCfg = Debug|Any CPU
		{B64E22CE-E958-4AB9-B39C-27A801097D06}.Debug|Any CPU.Build.0 = Debug|Any CPU
		{B64E22CE-E958-4AB9-B39C-27A801097D06}.Debug|ARM.ActiveCfg = Debug|Any CPU
		{B64E22CE-E958-4AB9-B39C-27A801097D06}.Debug|ARM.Build.0 = Debug|Any CPU
		{B64E22CE-E958-4AB9-B39C-27A801097D06}.Debug|iPhone.ActiveCfg = Debug|Any CPU
		{B64E22CE-E958-4AB9-B39C-27A801097D06}.Debug|iPhone.Build.0 = Debug|Any CPU
		{B64E22CE-E958-4AB9-B39C-27A801097D06}.Debug|iPhoneSimulator.ActiveCfg = Debug|Any CPU
		{B64E22CE-E958-4AB9-B39C-27A801097D06}.Debug|iPhoneSimulator.Build.0 = Debug|Any CPU
		{B64E22CE-E958-4AB9-B39C-27A801097D06}.Debug|x86.ActiveCfg = Debug|Any CPU
		{B64E22CE-E958-4AB9-B39C-27A801097D06}.Debug|x86.Build.0 = Debug|Any CPU
		{B64E22CE-E958-4AB9-B39C-27A801097D06}.Release|Any CPU.ActiveCfg = Release|Any CPU
		{B64E22CE-E958-4AB9-B39C-27A801097D06}.Release|Any CPU.Build.0 = Release|Any CPU
		{B64E22CE-E958-4AB9-B39C-27A801097D06}.Release|ARM.ActiveCfg = Release|Any CPU
		{B64E22CE-E958-4AB9-B39C-27A801097D06}.Release|ARM.Build.0 = Release|Any CPU
		{B64E22CE-E958-4AB9-B39C-27A801097D06}.Release|iPhone.ActiveCfg = Release|Any CPU
		{B64E22CE-E958-4AB9-B39C-27A801097D06}.Release|iPhone.Build.0 = Release|Any CPU
		{B64E22CE-E958-4AB9-B39C-27A801097D06}.Release|iPhoneSimulator.ActiveCfg = Release|Any CPU
		{B64E22CE-E958-4AB9-B39C-27A801097D06}.Release|iPhoneSimulator.Build.0 = Release|Any CPU
		{B64E22CE-E958-4AB9-B39C-27A801097D06}.Release|x86.ActiveCfg = Release|Any CPU
		{B64E22CE-E958-4AB9-B39C-27A801097D06}.Release|x86.Build.0 = Release|Any CPU
		{FE3A85E0-F7B4-46D7-B255-FFD305D5E62A}.Debug|Any CPU.ActiveCfg = Debug|Any CPU
		{FE3A85E0-F7B4-46D7-B255-FFD305D5E62A}.Debug|Any CPU.Build.0 = Debug|Any CPU
		{FE3A85E0-F7B4-46D7-B255-FFD305D5E62A}.Debug|ARM.ActiveCfg = Debug|Any CPU
		{FE3A85E0-F7B4-46D7-B255-FFD305D5E62A}.Debug|ARM.Build.0 = Debug|Any CPU
		{FE3A85E0-F7B4-46D7-B255-FFD305D5E62A}.Debug|iPhone.ActiveCfg = Debug|Any CPU
		{FE3A85E0-F7B4-46D7-B255-FFD305D5E62A}.Debug|iPhone.Build.0 = Debug|Any CPU
		{FE3A85E0-F7B4-46D7-B255-FFD305D5E62A}.Debug|iPhoneSimulator.ActiveCfg = Debug|Any CPU
		{FE3A85E0-F7B4-46D7-B255-FFD305D5E62A}.Debug|iPhoneSimulator.Build.0 = Debug|Any CPU
		{FE3A85E0-F7B4-46D7-B255-FFD305D5E62A}.Debug|x86.ActiveCfg = Debug|Any CPU
		{FE3A85E0-F7B4-46D7-B255-FFD305D5E62A}.Debug|x86.Build.0 = Debug|Any CPU
		{FE3A85E0-F7B4-46D7-B255-FFD305D5E62A}.Release|Any CPU.ActiveCfg = Release|Any CPU
		{FE3A85E0-F7B4-46D7-B255-FFD305D5E62A}.Release|Any CPU.Build.0 = Release|Any CPU
		{FE3A85E0-F7B4-46D7-B255-FFD305D5E62A}.Release|ARM.ActiveCfg = Release|Any CPU
		{FE3A85E0-F7B4-46D7-B255-FFD305D5E62A}.Release|ARM.Build.0 = Release|Any CPU
		{FE3A85E0-F7B4-46D7-B255-FFD305D5E62A}.Release|iPhone.ActiveCfg = Release|Any CPU
		{FE3A85E0-F7B4-46D7-B255-FFD305D5E62A}.Release|iPhone.Build.0 = Release|Any CPU
		{FE3A85E0-F7B4-46D7-B255-FFD305D5E62A}.Release|iPhoneSimulator.ActiveCfg = Release|Any CPU
		{FE3A85E0-F7B4-46D7-B255-FFD305D5E62A}.Release|iPhoneSimulator.Build.0 = Release|Any CPU
		{FE3A85E0-F7B4-46D7-B255-FFD305D5E62A}.Release|x86.ActiveCfg = Release|Any CPU
		{FE3A85E0-F7B4-46D7-B255-FFD305D5E62A}.Release|x86.Build.0 = Release|Any CPU
		{A5A03BD8-1298-498F-B174-2C424BB4794E}.Debug|Any CPU.ActiveCfg = Debug|iPhoneSimulator
		{A5A03BD8-1298-498F-B174-2C424BB4794E}.Debug|Any CPU.Build.0 = Debug|iPhoneSimulator
		{A5A03BD8-1298-498F-B174-2C424BB4794E}.Debug|ARM.ActiveCfg = Debug|iPhoneSimulator
		{A5A03BD8-1298-498F-B174-2C424BB4794E}.Debug|ARM.Build.0 = Debug|iPhoneSimulator
		{A5A03BD8-1298-498F-B174-2C424BB4794E}.Debug|iPhone.ActiveCfg = Debug|iPhone
		{A5A03BD8-1298-498F-B174-2C424BB4794E}.Debug|iPhone.Build.0 = Debug|iPhone
		{A5A03BD8-1298-498F-B174-2C424BB4794E}.Debug|iPhoneSimulator.ActiveCfg = Debug|iPhoneSimulator
		{A5A03BD8-1298-498F-B174-2C424BB4794E}.Debug|iPhoneSimulator.Build.0 = Debug|iPhoneSimulator
		{A5A03BD8-1298-498F-B174-2C424BB4794E}.Debug|x86.ActiveCfg = Debug|iPhoneSimulator
		{A5A03BD8-1298-498F-B174-2C424BB4794E}.Debug|x86.Build.0 = Debug|iPhoneSimulator
		{A5A03BD8-1298-498F-B174-2C424BB4794E}.Release|Any CPU.ActiveCfg = Release|iPhone
		{A5A03BD8-1298-498F-B174-2C424BB4794E}.Release|Any CPU.Build.0 = Release|iPhone
		{A5A03BD8-1298-498F-B174-2C424BB4794E}.Release|ARM.ActiveCfg = Release|iPhone
		{A5A03BD8-1298-498F-B174-2C424BB4794E}.Release|ARM.Build.0 = Release|iPhone
		{A5A03BD8-1298-498F-B174-2C424BB4794E}.Release|iPhone.ActiveCfg = Release|iPhone
		{A5A03BD8-1298-498F-B174-2C424BB4794E}.Release|iPhone.Build.0 = Release|iPhone
		{A5A03BD8-1298-498F-B174-2C424BB4794E}.Release|iPhoneSimulator.ActiveCfg = Release|iPhoneSimulator
		{A5A03BD8-1298-498F-B174-2C424BB4794E}.Release|iPhoneSimulator.Build.0 = Release|iPhoneSimulator
		{A5A03BD8-1298-498F-B174-2C424BB4794E}.Release|x86.ActiveCfg = Release|iPhone
		{A5A03BD8-1298-498F-B174-2C424BB4794E}.Release|x86.Build.0 = Release|iPhone
	EndGlobalSection
	GlobalSection(SolutionProperties) = preSolution
		HideSolutionNode = FALSE
	EndGlobalSection
EndGlobal
